// !$*UTF8*$!
{
	archiveVersion = 1;
	classes = {
	};
	objectVersion = 56;
	objects = {

/* Begin PBXBuildFile section */
		9D3A473B2A51D4BC00DA8537 /* newsletter.json in Resources */ = {isa = PBXBuildFile; fileRef = 9D3A473A2A51D4BC00DA8537 /* newsletter.json */; };
		9D70CE1F2A51DECF000726B3 /* NewsCell.swift in Sources */ = {isa = PBXBuildFile; fileRef = 9D70CE1D2A51DECF000726B3 /* NewsCell.swift */; };
		9D70CE202A51DECF000726B3 /* NewsCell.xib in Resources */ = {isa = PBXBuildFile; fileRef = 9D70CE1E2A51DECF000726B3 /* NewsCell.xib */; };
		9D70CE292A52CC14000726B3 /* Source.swift in Sources */ = {isa = PBXBuildFile; fileRef = 9D70CE262A52CC14000726B3 /* Source.swift */; };
		9D70CE2A2A52CC14000726B3 /* Articles.swift in Sources */ = {isa = PBXBuildFile; fileRef = 9D70CE272A52CC14000726B3 /* Articles.swift */; };
		9D70CE2B2A52CC14000726B3 /* NewsArticles.swift in Sources */ = {isa = PBXBuildFile; fileRef = 9D70CE282A52CC14000726B3 /* NewsArticles.swift */; };
		9D70CE2D2A52CD2E000726B3 /* Service.swift in Sources */ = {isa = PBXBuildFile; fileRef = 9D70CE2C2A52CD2E000726B3 /* Service.swift */; };
		9DB8207F2A51A7220070CB28 /* AppDelegate.swift in Sources */ = {isa = PBXBuildFile; fileRef = 9DB8207E2A51A7220070CB28 /* AppDelegate.swift */; };
		9DB820812A51A7220070CB28 /* SceneDelegate.swift in Sources */ = {isa = PBXBuildFile; fileRef = 9DB820802A51A7220070CB28 /* SceneDelegate.swift */; };
		9DB820832A51A7220070CB28 /* ViewController.swift in Sources */ = {isa = PBXBuildFile; fileRef = 9DB820822A51A7220070CB28 /* ViewController.swift */; };
		9DB820862A51A7220070CB28 /* Main.storyboard in Resources */ = {isa = PBXBuildFile; fileRef = 9DB820842A51A7220070CB28 /* Main.storyboard */; };
		9DB820892A51A7220070CB28 /* WorldNews.xcdatamodeld in Sources */ = {isa = PBXBuildFile; fileRef = 9DB820872A51A7220070CB28 /* WorldNews.xcdatamodeld */; };
		9DB8208B2A51A7250070CB28 /* Assets.xcassets in Resources */ = {isa = PBXBuildFile; fileRef = 9DB8208A2A51A7250070CB28 /* Assets.xcassets */; };
		9DB8208E2A51A7250070CB28 /* LaunchScreen.storyboard in Resources */ = {isa = PBXBuildFile; fileRef = 9DB8208C2A51A7250070CB28 /* LaunchScreen.storyboard */; };
		9DB820992A51A7250070CB28 /* WorldNewsTests.swift in Sources */ = {isa = PBXBuildFile; fileRef = 9DB820982A51A7250070CB28 /* WorldNewsTests.swift */; };
		9DB820A32A51A7250070CB28 /* WorldNewsUITests.swift in Sources */ = {isa = PBXBuildFile; fileRef = 9DB820A22A51A7250070CB28 /* WorldNewsUITests.swift */; };
		9DB820A52A51A7250070CB28 /* WorldNewsUITestsLaunchTests.swift in Sources */ = {isa = PBXBuildFile; fileRef = 9DB820A42A51A7250070CB28 /* WorldNewsUITestsLaunchTests.swift */; };
		9DB820B22A51BB1A0070CB28 /* HomePageViewController.swift in Sources */ = {isa = PBXBuildFile; fileRef = 9DB820B12A51BB1A0070CB28 /* HomePageViewController.swift */; };
		9DB820B42A51C53F0070CB28 /* HomePage.storyboard in Resources */ = {isa = PBXBuildFile; fileRef = 9DB820B32A51C53F0070CB28 /* HomePage.storyboard */; };
		9DB820B72A51C5CA0070CB28 /* Lottie in Frameworks */ = {isa = PBXBuildFile; productRef = 9DB820B62A51C5CA0070CB28 /* Lottie */; };
		9DB820B92A51C70D0070CB28 /* worldNews.json in Resources */ = {isa = PBXBuildFile; fileRef = 9DB820B82A51C70D0070CB28 /* worldNews.json */; };
/* End PBXBuildFile section */

/* Begin PBXContainerItemProxy section */
		9DB820952A51A7250070CB28 /* PBXContainerItemProxy */ = {
			isa = PBXContainerItemProxy;
			containerPortal = 9DB820732A51A7220070CB28 /* Project object */;
			proxyType = 1;
			remoteGlobalIDString = 9DB8207A2A51A7220070CB28;
			remoteInfo = WorldNews;
		};
		9DB8209F2A51A7250070CB28 /* PBXContainerItemProxy */ = {
			isa = PBXContainerItemProxy;
			containerPortal = 9DB820732A51A7220070CB28 /* Project object */;
			proxyType = 1;
			remoteGlobalIDString = 9DB8207A2A51A7220070CB28;
			remoteInfo = WorldNews;
		};
/* End PBXContainerItemProxy section */

/* Begin PBXFileReference section */
		9D3A473A2A51D4BC00DA8537 /* newsletter.json */ = {isa = PBXFileReference; fileEncoding = 4; lastKnownFileType = text.json; path = newsletter.json; sourceTree = "<group>"; };
		9D70CE1D2A51DECF000726B3 /* NewsCell.swift */ = {isa = PBXFileReference; lastKnownFileType = sourcecode.swift; path = NewsCell.swift; sourceTree = "<group>"; };
		9D70CE1E2A51DECF000726B3 /* NewsCell.xib */ = {isa = PBXFileReference; lastKnownFileType = file.xib; path = NewsCell.xib; sourceTree = "<group>"; };
		9D70CE262A52CC14000726B3 /* Source.swift */ = {isa = PBXFileReference; fileEncoding = 4; lastKnownFileType = sourcecode.swift; path = Source.swift; sourceTree = "<group>"; };
		9D70CE272A52CC14000726B3 /* Articles.swift */ = {isa = PBXFileReference; fileEncoding = 4; lastKnownFileType = sourcecode.swift; path = Articles.swift; sourceTree = "<group>"; };
		9D70CE282A52CC14000726B3 /* NewsArticles.swift */ = {isa = PBXFileReference; fileEncoding = 4; lastKnownFileType = sourcecode.swift; path = NewsArticles.swift; sourceTree = "<group>"; };
		9D70CE2C2A52CD2E000726B3 /* Service.swift */ = {isa = PBXFileReference; lastKnownFileType = sourcecode.swift; path = Service.swift; sourceTree = "<group>"; };
		9DB8207B2A51A7220070CB28 /* WorldNews.app */ = {isa = PBXFileReference; explicitFileType = wrapper.application; includeInIndex = 0; path = WorldNews.app; sourceTree = BUILT_PRODUCTS_DIR; };
		9DB8207E2A51A7220070CB28 /* AppDelegate.swift */ = {isa = PBXFileReference; lastKnownFileType = sourcecode.swift; path = AppDelegate.swift; sourceTree = "<group>"; };
		9DB820802A51A7220070CB28 /* SceneDelegate.swift */ = {isa = PBXFileReference; lastKnownFileType = sourcecode.swift; path = SceneDelegate.swift; sourceTree = "<group>"; };
		9DB820822A51A7220070CB28 /* ViewController.swift */ = {isa = PBXFileReference; lastKnownFileType = sourcecode.swift; path = ViewController.swift; sourceTree = "<group>"; };
		9DB820852A51A7220070CB28 /* Base */ = {isa = PBXFileReference; lastKnownFileType = file.storyboard; name = Base; path = Base.lproj/Main.storyboard; sourceTree = "<group>"; };
		9DB820882A51A7220070CB28 /* WorldNews.xcdatamodel */ = {isa = PBXFileReference; lastKnownFileType = wrapper.xcdatamodel; path = WorldNews.xcdatamodel; sourceTree = "<group>"; };
		9DB8208A2A51A7250070CB28 /* Assets.xcassets */ = {isa = PBXFileReference; lastKnownFileType = folder.assetcatalog; path = Assets.xcassets; sourceTree = "<group>"; };
		9DB8208D2A51A7250070CB28 /* Base */ = {isa = PBXFileReference; lastKnownFileType = file.storyboard; name = Base; path = Base.lproj/LaunchScreen.storyboard; sourceTree = "<group>"; };
		9DB8208F2A51A7250070CB28 /* Info.plist */ = {isa = PBXFileReference; lastKnownFileType = text.plist.xml; path = Info.plist; sourceTree = "<group>"; };
		9DB820942A51A7250070CB28 /* WorldNewsTests.xctest */ = {isa = PBXFileReference; explicitFileType = wrapper.cfbundle; includeInIndex = 0; path = WorldNewsTests.xctest; sourceTree = BUILT_PRODUCTS_DIR; };
		9DB820982A51A7250070CB28 /* WorldNewsTests.swift */ = {isa = PBXFileReference; lastKnownFileType = sourcecode.swift; path = WorldNewsTests.swift; sourceTree = "<group>"; };
		9DB8209E2A51A7250070CB28 /* WorldNewsUITests.xctest */ = {isa = PBXFileReference; explicitFileType = wrapper.cfbundle; includeInIndex = 0; path = WorldNewsUITests.xctest; sourceTree = BUILT_PRODUCTS_DIR; };
		9DB820A22A51A7250070CB28 /* WorldNewsUITests.swift */ = {isa = PBXFileReference; lastKnownFileType = sourcecode.swift; path = WorldNewsUITests.swift; sourceTree = "<group>"; };
		9DB820A42A51A7250070CB28 /* WorldNewsUITestsLaunchTests.swift */ = {isa = PBXFileReference; lastKnownFileType = sourcecode.swift; path = WorldNewsUITestsLaunchTests.swift; sourceTree = "<group>"; };
		9DB820B12A51BB1A0070CB28 /* HomePageViewController.swift */ = {isa = PBXFileReference; lastKnownFileType = sourcecode.swift; path = HomePageViewController.swift; sourceTree = "<group>"; };
		9DB820B32A51C53F0070CB28 /* HomePage.storyboard */ = {isa = PBXFileReference; lastKnownFileType = file.storyboard; path = HomePage.storyboard; sourceTree = "<group>"; };
		9DB820B82A51C70D0070CB28 /* worldNews.json */ = {isa = PBXFileReference; fileEncoding = 4; lastKnownFileType = text.json; path = worldNews.json; sourceTree = "<group>"; };
/* End PBXFileReference section */

/* Begin PBXFrameworksBuildPhase section */
		9DB820782A51A7220070CB28 /* Frameworks */ = {
			isa = PBXFrameworksBuildPhase;
			buildActionMask = 2147483647;
			files = (
				9DB820B72A51C5CA0070CB28 /* Lottie in Frameworks */,
			);
			runOnlyForDeploymentPostprocessing = 0;
		};
		9DB820912A51A7250070CB28 /* Frameworks */ = {
			isa = PBXFrameworksBuildPhase;
			buildActionMask = 2147483647;
			files = (
			);
			runOnlyForDeploymentPostprocessing = 0;
		};
		9DB8209B2A51A7250070CB28 /* Frameworks */ = {
			isa = PBXFrameworksBuildPhase;
			buildActionMask = 2147483647;
			files = (
			);
			runOnlyForDeploymentPostprocessing = 0;
		};
/* End PBXFrameworksBuildPhase section */

/* Begin PBXGroup section */
		9D70CE212A51DED8000726B3 /* Cells */ = {
			isa = PBXGroup;
			children = (
				9D70CE1D2A51DECF000726B3 /* NewsCell.swift */,
				9D70CE1E2A51DECF000726B3 /* NewsCell.xib */,
			);
			path = Cells;
			sourceTree = "<group>";
		};
		9D70CE222A51DEE4000726B3 /* Home */ = {
			isa = PBXGroup;
			children = (
				9DB820B12A51BB1A0070CB28 /* HomePageViewController.swift */,
				9DB820B32A51C53F0070CB28 /* HomePage.storyboard */,
			);
			path = Home;
			sourceTree = "<group>";
		};
		9D70CE252A52CBDB000726B3 /* Model */ = {
			isa = PBXGroup;
			children = (
				9D70CE272A52CC14000726B3 /* Articles.swift */,
				9D70CE282A52CC14000726B3 /* NewsArticles.swift */,
				9D70CE262A52CC14000726B3 /* Source.swift */,
			);
			path = Model;
			sourceTree = "<group>";
		};
		9D70CE2E2A52CD40000726B3 /* Services */ = {
			isa = PBXGroup;
			children = (
				9D70CE2C2A52CD2E000726B3 /* Service.swift */,
			);
			path = Services;
			sourceTree = "<group>";
		};
		9DB820722A51A7220070CB28 = {
			isa = PBXGroup;
			children = (
				9DB8207D2A51A7220070CB28 /* WorldNews */,
				9DB820972A51A7250070CB28 /* WorldNewsTests */,
				9DB820A12A51A7250070CB28 /* WorldNewsUITests */,
				9DB8207C2A51A7220070CB28 /* Products */,
			);
			sourceTree = "<group>";
		};
		9DB8207C2A51A7220070CB28 /* Products */ = {
			isa = PBXGroup;
			children = (
				9DB8207B2A51A7220070CB28 /* WorldNews.app */,
				9DB820942A51A7250070CB28 /* WorldNewsTests.xctest */,
				9DB8209E2A51A7250070CB28 /* WorldNewsUITests.xctest */,
			);
			name = Products;
			sourceTree = "<group>";
		};
		9DB8207D2A51A7220070CB28 /* WorldNews */ = {
			isa = PBXGroup;
			children = (
				9D70CE252A52CBDB000726B3 /* Model */,
				9D3A473A2A51D4BC00DA8537 /* newsletter.json */,
				9DB820B82A51C70D0070CB28 /* worldNews.json */,
				9DB8207E2A51A7220070CB28 /* AppDelegate.swift */,
				9DB820802A51A7220070CB28 /* SceneDelegate.swift */,
				9DB820822A51A7220070CB28 /* ViewController.swift */,
				9DB820842A51A7220070CB28 /* Main.storyboard */,
				9DB8208A2A51A7250070CB28 /* Assets.xcassets */,
				9DB8208C2A51A7250070CB28 /* LaunchScreen.storyboard */,
				9DB8208F2A51A7250070CB28 /* Info.plist */,
				9DB820872A51A7220070CB28 /* WorldNews.xcdatamodeld */,
				9D70CE222A51DEE4000726B3 /* Home */,
				9D70CE212A51DED8000726B3 /* Cells */,
				9D70CE2E2A52CD40000726B3 /* Services */,
			);
			path = WorldNews;
			sourceTree = "<group>";
		};
		9DB820972A51A7250070CB28 /* WorldNewsTests */ = {
			isa = PBXGroup;
			children = (
				9DB820982A51A7250070CB28 /* WorldNewsTests.swift */,
			);
			path = WorldNewsTests;
			sourceTree = "<group>";
		};
		9DB820A12A51A7250070CB28 /* WorldNewsUITests */ = {
			isa = PBXGroup;
			children = (
				9DB820A22A51A7250070CB28 /* WorldNewsUITests.swift */,
				9DB820A42A51A7250070CB28 /* WorldNewsUITestsLaunchTests.swift */,
			);
			path = WorldNewsUITests;
			sourceTree = "<group>";
		};
/* End PBXGroup section */

/* Begin PBXNativeTarget section */
		9DB8207A2A51A7220070CB28 /* WorldNews */ = {
			isa = PBXNativeTarget;
			buildConfigurationList = 9DB820A82A51A7250070CB28 /* Build configuration list for PBXNativeTarget "WorldNews" */;
			buildPhases = (
				9DB820772A51A7220070CB28 /* Sources */,
				9DB820782A51A7220070CB28 /* Frameworks */,
				9DB820792A51A7220070CB28 /* Resources */,
			);
			buildRules = (
			);
			dependencies = (
			);
			name = WorldNews;
			packageProductDependencies = (
				9DB820B62A51C5CA0070CB28 /* Lottie */,
			);
			productName = WorldNews;
			productReference = 9DB8207B2A51A7220070CB28 /* WorldNews.app */;
			productType = "com.apple.product-type.application";
		};
		9DB820932A51A7250070CB28 /* WorldNewsTests */ = {
			isa = PBXNativeTarget;
			buildConfigurationList = 9DB820AB2A51A7250070CB28 /* Build configuration list for PBXNativeTarget "WorldNewsTests" */;
			buildPhases = (
				9DB820902A51A7250070CB28 /* Sources */,
				9DB820912A51A7250070CB28 /* Frameworks */,
				9DB820922A51A7250070CB28 /* Resources */,
			);
			buildRules = (
			);
			dependencies = (
				9DB820962A51A7250070CB28 /* PBXTargetDependency */,
			);
			name = WorldNewsTests;
			productName = WorldNewsTests;
			productReference = 9DB820942A51A7250070CB28 /* WorldNewsTests.xctest */;
			productType = "com.apple.product-type.bundle.unit-test";
		};
		9DB8209D2A51A7250070CB28 /* WorldNewsUITests */ = {
			isa = PBXNativeTarget;
			buildConfigurationList = 9DB820AE2A51A7250070CB28 /* Build configuration list for PBXNativeTarget "WorldNewsUITests" */;
			buildPhases = (
				9DB8209A2A51A7250070CB28 /* Sources */,
				9DB8209B2A51A7250070CB28 /* Frameworks */,
				9DB8209C2A51A7250070CB28 /* Resources */,
			);
			buildRules = (
			);
			dependencies = (
				9DB820A02A51A7250070CB28 /* PBXTargetDependency */,
			);
			name = WorldNewsUITests;
			productName = WorldNewsUITests;
			productReference = 9DB8209E2A51A7250070CB28 /* WorldNewsUITests.xctest */;
			productType = "com.apple.product-type.bundle.ui-testing";
		};
/* End PBXNativeTarget section */

/* Begin PBXProject section */
		9DB820732A51A7220070CB28 /* Project object */ = {
			isa = PBXProject;
			attributes = {
				BuildIndependentTargetsInParallel = 1;
				LastSwiftUpdateCheck = 1430;
				LastUpgradeCheck = 1430;
				TargetAttributes = {
					9DB8207A2A51A7220070CB28 = {
						CreatedOnToolsVersion = 14.3.1;
					};
					9DB820932A51A7250070CB28 = {
						CreatedOnToolsVersion = 14.3.1;
						TestTargetID = 9DB8207A2A51A7220070CB28;
					};
					9DB8209D2A51A7250070CB28 = {
						CreatedOnToolsVersion = 14.3.1;
						TestTargetID = 9DB8207A2A51A7220070CB28;
					};
				};
			};
			buildConfigurationList = 9DB820762A51A7220070CB28 /* Build configuration list for PBXProject "WorldNews" */;
			compatibilityVersion = "Xcode 14.0";
			developmentRegion = en;
			hasScannedForEncodings = 0;
			knownRegions = (
				en,
				Base,
			);
			mainGroup = 9DB820722A51A7220070CB28;
			packageReferences = (
				9DB820B52A51C5CA0070CB28 /* XCRemoteSwiftPackageReference "lottie-ios" */,
			);
			productRefGroup = 9DB8207C2A51A7220070CB28 /* Products */;
			projectDirPath = "";
			projectRoot = "";
			targets = (
				9DB8207A2A51A7220070CB28 /* WorldNews */,
				9DB820932A51A7250070CB28 /* WorldNewsTests */,
				9DB8209D2A51A7250070CB28 /* WorldNewsUITests */,
			);
		};
/* End PBXProject section */

/* Begin PBXResourcesBuildPhase section */
		9DB820792A51A7220070CB28 /* Resources */ = {
			isa = PBXResourcesBuildPhase;
			buildActionMask = 2147483647;
			files = (
				9DB8208E2A51A7250070CB28 /* LaunchScreen.storyboard in Resources */,
				9DB820B92A51C70D0070CB28 /* worldNews.json in Resources */,
				9D70CE202A51DECF000726B3 /* NewsCell.xib in Resources */,
				9DB8208B2A51A7250070CB28 /* Assets.xcassets in Resources */,
				9DB820B42A51C53F0070CB28 /* HomePage.storyboard in Resources */,
				9D3A473B2A51D4BC00DA8537 /* newsletter.json in Resources */,
				9DB820862A51A7220070CB28 /* Main.storyboard in Resources */,
			);
			runOnlyForDeploymentPostprocessing = 0;
		};
		9DB820922A51A7250070CB28 /* Resources */ = {
			isa = PBXResourcesBuildPhase;
			buildActionMask = 2147483647;
			files = (
			);
			runOnlyForDeploymentPostprocessing = 0;
		};
		9DB8209C2A51A7250070CB28 /* Resources */ = {
			isa = PBXResourcesBuildPhase;
			buildActionMask = 2147483647;
			files = (
			);
			runOnlyForDeploymentPostprocessing = 0;
		};
/* End PBXResourcesBuildPhase section */

/* Begin PBXSourcesBuildPhase section */
		9DB820772A51A7220070CB28 /* Sources */ = {
			isa = PBXSourcesBuildPhase;
			buildActionMask = 2147483647;
			files = (
				9D70CE2A2A52CC14000726B3 /* Articles.swift in Sources */,
				9D70CE2B2A52CC14000726B3 /* NewsArticles.swift in Sources */,
				9DB820832A51A7220070CB28 /* ViewController.swift in Sources */,
				9DB8207F2A51A7220070CB28 /* AppDelegate.swift in Sources */,
				9DB820812A51A7220070CB28 /* SceneDelegate.swift in Sources */,
				9D70CE2D2A52CD2E000726B3 /* Service.swift in Sources */,
				9D70CE292A52CC14000726B3 /* Source.swift in Sources */,
				9DB820B22A51BB1A0070CB28 /* HomePageViewController.swift in Sources */,
				9D70CE1F2A51DECF000726B3 /* NewsCell.swift in Sources */,
				9DB820892A51A7220070CB28 /* WorldNews.xcdatamodeld in Sources */,
			);
			runOnlyForDeploymentPostprocessing = 0;
		};
		9DB820902A51A7250070CB28 /* Sources */ = {
			isa = PBXSourcesBuildPhase;
			buildActionMask = 2147483647;
			files = (
				9DB820992A51A7250070CB28 /* WorldNewsTests.swift in Sources */,
			);
			runOnlyForDeploymentPostprocessing = 0;
		};
		9DB8209A2A51A7250070CB28 /* Sources */ = {
			isa = PBXSourcesBuildPhase;
			buildActionMask = 2147483647;
			files = (
				9DB820A52A51A7250070CB28 /* WorldNewsUITestsLaunchTests.swift in Sources */,
				9DB820A32A51A7250070CB28 /* WorldNewsUITests.swift in Sources */,
			);
			runOnlyForDeploymentPostprocessing = 0;
		};
/* End PBXSourcesBuildPhase section */

/* Begin PBXTargetDependency section */
		9DB820962A51A7250070CB28 /* PBXTargetDependency */ = {
			isa = PBXTargetDependency;
			target = 9DB8207A2A51A7220070CB28 /* WorldNews */;
			targetProxy = 9DB820952A51A7250070CB28 /* PBXContainerItemProxy */;
		};
		9DB820A02A51A7250070CB28 /* PBXTargetDependency */ = {
			isa = PBXTargetDependency;
			target = 9DB8207A2A51A7220070CB28 /* WorldNews */;
			targetProxy = 9DB8209F2A51A7250070CB28 /* PBXContainerItemProxy */;
		};
/* End PBXTargetDependency section */

/* Begin PBXVariantGroup section */
		9DB820842A51A7220070CB28 /* Main.storyboard */ = {
			isa = PBXVariantGroup;
			children = (
				9DB820852A51A7220070CB28 /* Base */,
			);
			name = Main.storyboard;
			sourceTree = "<group>";
		};
		9DB8208C2A51A7250070CB28 /* LaunchScreen.storyboard */ = {
			isa = PBXVariantGroup;
			children = (
				9DB8208D2A51A7250070CB28 /* Base */,
			);
			name = LaunchScreen.storyboard;
			sourceTree = "<group>";
		};
/* End PBXVariantGroup section */

/* Begin XCBuildConfiguration section */
		9DB820A62A51A7250070CB28 /* Debug */ = {
			isa = XCBuildConfiguration;
			buildSettings = {
				ALWAYS_SEARCH_USER_PATHS = NO;
				CLANG_ANALYZER_NONNULL = YES;
				CLANG_ANALYZER_NUMBER_OBJECT_CONVERSION = YES_AGGRESSIVE;
				CLANG_CXX_LANGUAGE_STANDARD = "gnu++20";
				CLANG_ENABLE_MODULES = YES;
				CLANG_ENABLE_OBJC_ARC = YES;
				CLANG_ENABLE_OBJC_WEAK = YES;
				CLANG_WARN_BLOCK_CAPTURE_AUTORELEASING = YES;
				CLANG_WARN_BOOL_CONVERSION = YES;
				CLANG_WARN_COMMA = YES;
				CLANG_WARN_CONSTANT_CONVERSION = YES;
				CLANG_WARN_DEPRECATED_OBJC_IMPLEMENTATIONS = YES;
				CLANG_WARN_DIRECT_OBJC_ISA_USAGE = YES_ERROR;
				CLANG_WARN_DOCUMENTATION_COMMENTS = YES;
				CLANG_WARN_EMPTY_BODY = YES;
				CLANG_WARN_ENUM_CONVERSION = YES;
				CLANG_WARN_INFINITE_RECURSION = YES;
				CLANG_WARN_INT_CONVERSION = YES;
				CLANG_WARN_NON_LITERAL_NULL_CONVERSION = YES;
				CLANG_WARN_OBJC_IMPLICIT_RETAIN_SELF = YES;
				CLANG_WARN_OBJC_LITERAL_CONVERSION = YES;
				CLANG_WARN_OBJC_ROOT_CLASS = YES_ERROR;
				CLANG_WARN_QUOTED_INCLUDE_IN_FRAMEWORK_HEADER = YES;
				CLANG_WARN_RANGE_LOOP_ANALYSIS = YES;
				CLANG_WARN_STRICT_PROTOTYPES = YES;
				CLANG_WARN_SUSPICIOUS_MOVE = YES;
				CLANG_WARN_UNGUARDED_AVAILABILITY = YES_AGGRESSIVE;
				CLANG_WARN_UNREACHABLE_CODE = YES;
				CLANG_WARN__DUPLICATE_METHOD_MATCH = YES;
				COPY_PHASE_STRIP = NO;
				DEBUG_INFORMATION_FORMAT = dwarf;
				ENABLE_STRICT_OBJC_MSGSEND = YES;
				ENABLE_TESTABILITY = YES;
				GCC_C_LANGUAGE_STANDARD = gnu11;
				GCC_DYNAMIC_NO_PIC = NO;
				GCC_NO_COMMON_BLOCKS = YES;
				GCC_OPTIMIZATION_LEVEL = 0;
				GCC_PREPROCESSOR_DEFINITIONS = (
					"DEBUG=1",
					"$(inherited)",
				);
				GCC_WARN_64_TO_32_BIT_CONVERSION = YES;
				GCC_WARN_ABOUT_RETURN_TYPE = YES_ERROR;
				GCC_WARN_UNDECLARED_SELECTOR = YES;
				GCC_WARN_UNINITIALIZED_AUTOS = YES_AGGRESSIVE;
				GCC_WARN_UNUSED_FUNCTION = YES;
				GCC_WARN_UNUSED_VARIABLE = YES;
				IPHONEOS_DEPLOYMENT_TARGET = 16.4;
				MTL_ENABLE_DEBUG_INFO = INCLUDE_SOURCE;
				MTL_FAST_MATH = YES;
				ONLY_ACTIVE_ARCH = YES;
				SDKROOT = iphoneos;
				SWIFT_ACTIVE_COMPILATION_CONDITIONS = DEBUG;
				SWIFT_OPTIMIZATION_LEVEL = "-Onone";
			};
			name = Debug;
		};
		9DB820A72A51A7250070CB28 /* Release */ = {
			isa = XCBuildConfiguration;
			buildSettings = {
				ALWAYS_SEARCH_USER_PATHS = NO;
				CLANG_ANALYZER_NONNULL = YES;
				CLANG_ANALYZER_NUMBER_OBJECT_CONVERSION = YES_AGGRESSIVE;
				CLANG_CXX_LANGUAGE_STANDARD = "gnu++20";
				CLANG_ENABLE_MODULES = YES;
				CLANG_ENABLE_OBJC_ARC = YES;
				CLANG_ENABLE_OBJC_WEAK = YES;
				CLANG_WARN_BLOCK_CAPTURE_AUTORELEASING = YES;
				CLANG_WARN_BOOL_CONVERSION = YES;
				CLANG_WARN_COMMA = YES;
				CLANG_WARN_CONSTANT_CONVERSION = YES;
				CLANG_WARN_DEPRECATED_OBJC_IMPLEMENTATIONS = YES;
				CLANG_WARN_DIRECT_OBJC_ISA_USAGE = YES_ERROR;
				CLANG_WARN_DOCUMENTATION_COMMENTS = YES;
				CLANG_WARN_EMPTY_BODY = YES;
				CLANG_WARN_ENUM_CONVERSION = YES;
				CLANG_WARN_INFINITE_RECURSION = YES;
				CLANG_WARN_INT_CONVERSION = YES;
				CLANG_WARN_NON_LITERAL_NULL_CONVERSION = YES;
				CLANG_WARN_OBJC_IMPLICIT_RETAIN_SELF = YES;
				CLANG_WARN_OBJC_LITERAL_CONVERSION = YES;
				CLANG_WARN_OBJC_ROOT_CLASS = YES_ERROR;
				CLANG_WARN_QUOTED_INCLUDE_IN_FRAMEWORK_HEADER = YES;
				CLANG_WARN_RANGE_LOOP_ANALYSIS = YES;
				CLANG_WARN_STRICT_PROTOTYPES = YES;
				CLANG_WARN_SUSPICIOUS_MOVE = YES;
				CLANG_WARN_UNGUARDED_AVAILABILITY = YES_AGGRESSIVE;
				CLANG_WARN_UNREACHABLE_CODE = YES;
				CLANG_WARN__DUPLICATE_METHOD_MATCH = YES;
				COPY_PHASE_STRIP = NO;
				DEBUG_INFORMATION_FORMAT = "dwarf-with-dsym";
				ENABLE_NS_ASSERTIONS = NO;
				ENABLE_STRICT_OBJC_MSGSEND = YES;
				GCC_C_LANGUAGE_STANDARD = gnu11;
				GCC_NO_COMMON_BLOCKS = YES;
				GCC_WARN_64_TO_32_BIT_CONVERSION = YES;
				GCC_WARN_ABOUT_RETURN_TYPE = YES_ERROR;
				GCC_WARN_UNDECLARED_SELECTOR = YES;
				GCC_WARN_UNINITIALIZED_AUTOS = YES_AGGRESSIVE;
				GCC_WARN_UNUSED_FUNCTION = YES;
				GCC_WARN_UNUSED_VARIABLE = YES;
				IPHONEOS_DEPLOYMENT_TARGET = 16.4;
				MTL_ENABLE_DEBUG_INFO = NO;
				MTL_FAST_MATH = YES;
				SDKROOT = iphoneos;
				SWIFT_COMPILATION_MODE = wholemodule;
				SWIFT_OPTIMIZATION_LEVEL = "-O";
				VALIDATE_PRODUCT = YES;
			};
			name = Release;
		};
		9DB820A92A51A7250070CB28 /* Debug */ = {
			isa = XCBuildConfiguration;
			buildSettings = {
				ASSETCATALOG_COMPILER_APPICON_NAME = AppIcon;
				ASSETCATALOG_COMPILER_GLOBAL_ACCENT_COLOR_NAME = AccentColor;
				CODE_SIGN_STYLE = Automatic;
				CURRENT_PROJECT_VERSION = 1;
				DEVELOPMENT_TEAM = 2MK2D93834;
				GENERATE_INFOPLIST_FILE = YES;
				INFOPLIST_FILE = WorldNews/Info.plist;
				INFOPLIST_KEY_UIApplicationSupportsIndirectInputEvents = YES;
				INFOPLIST_KEY_UILaunchStoryboardName = LaunchScreen;
				INFOPLIST_KEY_UIMainStoryboardFile = Main;
				INFOPLIST_KEY_UISupportedInterfaceOrientations_iPad = "UIInterfaceOrientationPortrait UIInterfaceOrientationPortraitUpsideDown UIInterfaceOrientationLandscapeLeft UIInterfaceOrientationLandscapeRight";
				INFOPLIST_KEY_UISupportedInterfaceOrientations_iPhone = "UIInterfaceOrientationPortrait UIInterfaceOrientationLandscapeLeft UIInterfaceOrientationLandscapeRight";
				LD_RUNPATH_SEARCH_PATHS = (
					"$(inherited)",
					"@executable_path/Frameworks",
				);
				MARKETING_VERSION = 1.0;
				PRODUCT_BUNDLE_IDENTIFIER = tawanda.WorldNews;
				PRODUCT_NAME = "$(TARGET_NAME)";
				SWIFT_EMIT_LOC_STRINGS = YES;
				SWIFT_VERSION = 5.0;
				TARGETED_DEVICE_FAMILY = "1,2";
			};
			name = Debug;
		};
		9DB820AA2A51A7250070CB28 /* Release */ = {
			isa = XCBuildConfiguration;
			buildSettings = {
				ASSETCATALOG_COMPILER_APPICON_NAME = AppIcon;
				ASSETCATALOG_COMPILER_GLOBAL_ACCENT_COLOR_NAME = AccentColor;
				CODE_SIGN_STYLE = Automatic;
				CURRENT_PROJECT_VERSION = 1;
				DEVELOPMENT_TEAM = 2MK2D93834;
				GENERATE_INFOPLIST_FILE = YES;
				INFOPLIST_FILE = WorldNews/Info.plist;
				INFOPLIST_KEY_UIApplicationSupportsIndirectInputEvents = YES;
				INFOPLIST_KEY_UILaunchStoryboardName = LaunchScreen;
				INFOPLIST_KEY_UIMainStoryboardFile = Main;
				INFOPLIST_KEY_UISupportedInterfaceOrientations_iPad = "UIInterfaceOrientationPortrait UIInterfaceOrientationPortraitUpsideDown UIInterfaceOrientationLandscapeLeft UIInterfaceOrientationLandscapeRight";
				INFOPLIST_KEY_UISupportedInterfaceOrientations_iPhone = "UIInterfaceOrientationPortrait UIInterfaceOrientationLandscapeLeft UIInterfaceOrientationLandscapeRight";
				LD_RUNPATH_SEARCH_PATHS = (
					"$(inherited)",
					"@executable_path/Frameworks",
				);
				MARKETING_VERSION = 1.0;
				PRODUCT_BUNDLE_IDENTIFIER = tawanda.WorldNews;
				PRODUCT_NAME = "$(TARGET_NAME)";
				SWIFT_EMIT_LOC_STRINGS = YES;
				SWIFT_VERSION = 5.0;
				TARGETED_DEVICE_FAMILY = "1,2";
			};
			name = Release;
		};
		9DB820AC2A51A7250070CB28 /* Debug */ = {
			isa = XCBuildConfiguration;
			buildSettings = {
				ALWAYS_EMBED_SWIFT_STANDARD_LIBRARIES = YES;
				BUNDLE_LOADER = "$(TEST_HOST)";
				CODE_SIGN_STYLE = Automatic;
				CURRENT_PROJECT_VERSION = 1;
				DEVELOPMENT_TEAM = 2MK2D93834;
				GENERATE_INFOPLIST_FILE = YES;
				IPHONEOS_DEPLOYMENT_TARGET = 16.4;
				MARKETING_VERSION = 1.0;
				PRODUCT_BUNDLE_IDENTIFIER = tawanda.WorldNewsTests;
				PRODUCT_NAME = "$(TARGET_NAME)";
				SWIFT_EMIT_LOC_STRINGS = NO;
				SWIFT_VERSION = 5.0;
				TARGETED_DEVICE_FAMILY = "1,2";
				TEST_HOST = "$(BUILT_PRODUCTS_DIR)/WorldNews.app/$(BUNDLE_EXECUTABLE_FOLDER_PATH)/WorldNews";
			};
			name = Debug;
		};
		9DB820AD2A51A7250070CB28 /* Release */ = {
			isa = XCBuildConfiguration;
			buildSettings = {
				ALWAYS_EMBED_SWIFT_STANDARD_LIBRARIES = YES;
				BUNDLE_LOADER = "$(TEST_HOST)";
				CODE_SIGN_STYLE = Automatic;
				CURRENT_PROJECT_VERSION = 1;
				DEVELOPMENT_TEAM = 2MK2D93834;
				GENERATE_INFOPLIST_FILE = YES;
				IPHONEOS_DEPLOYMENT_TARGET = 16.4;
				MARKETING_VERSION = 1.0;
				PRODUCT_BUNDLE_IDENTIFIER = tawanda.WorldNewsTests;
				PRODUCT_NAME = "$(TARGET_NAME)";
				SWIFT_EMIT_LOC_STRINGS = NO;
				SWIFT_VERSION = 5.0;
				TARGETED_DEVICE_FAMILY = "1,2";
				TEST_HOST = "$(BUILT_PRODUCTS_DIR)/WorldNews.app/$(BUNDLE_EXECUTABLE_FOLDER_PATH)/WorldNews";
			};
			name = Release;
		};
		9DB820AF2A51A7250070CB28 /* Debug */ = {
			isa = XCBuildConfiguration;
			buildSettings = {
				ALWAYS_EMBED_SWIFT_STANDARD_LIBRARIES = YES;
				CODE_SIGN_STYLE = Automatic;
				CURRENT_PROJECT_VERSION = 1;
				DEVELOPMENT_TEAM = 2MK2D93834;
				GENERATE_INFOPLIST_FILE = YES;
				MARKETING_VERSION = 1.0;
				PRODUCT_BUNDLE_IDENTIFIER = tawanda.WorldNewsUITests;
				PRODUCT_NAME = "$(TARGET_NAME)";
				SWIFT_EMIT_LOC_STRINGS = NO;
				SWIFT_VERSION = 5.0;
				TARGETED_DEVICE_FAMILY = "1,2";
				TEST_TARGET_NAME = WorldNews;
			};
			name = Debug;
		};
		9DB820B02A51A7250070CB28 /* Release */ = {
			isa = XCBuildConfiguration;
			buildSettings = {
				ALWAYS_EMBED_SWIFT_STANDARD_LIBRARIES = YES;
				CODE_SIGN_STYLE = Automatic;
				CURRENT_PROJECT_VERSION = 1;
				DEVELOPMENT_TEAM = 2MK2D93834;
				GENERATE_INFOPLIST_FILE = YES;
				MARKETING_VERSION = 1.0;
				PRODUCT_BUNDLE_IDENTIFIER = tawanda.WorldNewsUITests;
				PRODUCT_NAME = "$(TARGET_NAME)";
				SWIFT_EMIT_LOC_STRINGS = NO;
				SWIFT_VERSION = 5.0;
				TARGETED_DEVICE_FAMILY = "1,2";
				TEST_TARGET_NAME = WorldNews;
			};
			name = Release;
		};
/* End XCBuildConfiguration section */

/* Begin XCConfigurationList section */
		9DB820762A51A7220070CB28 /* Build configuration list for PBXProject "WorldNews" */ = {
			isa = XCConfigurationList;
			buildConfigurations = (
				9DB820A62A51A7250070CB28 /* Debug */,
				9DB820A72A51A7250070CB28 /* Release */,
			);
			defaultConfigurationIsVisible = 0;
			defaultConfigurationName = Release;
		};
		9DB820A82A51A7250070CB28 /* Build configuration list for PBXNativeTarget "WorldNews" */ = {
			isa = XCConfigurationList;
			buildConfigurations = (
				9DB820A92A51A7250070CB28 /* Debug */,
				9DB820AA2A51A7250070CB28 /* Release */,
			);
			defaultConfigurationIsVisible = 0;
			defaultConfigurationName = Release;
		};
		9DB820AB2A51A7250070CB28 /* Build configuration list for PBXNativeTarget "WorldNewsTests" */ = {
			isa = XCConfigurationList;
			buildConfigurations = (
				9DB820AC2A51A7250070CB28 /* Debug */,
				9DB820AD2A51A7250070CB28 /* Release */,
			);
			defaultConfigurationIsVisible = 0;
			defaultConfigurationName = Release;
		};
		9DB820AE2A51A7250070CB28 /* Build configuration list for PBXNativeTarget "WorldNewsUITests" */ = {
			isa = XCConfigurationList;
			buildConfigurations = (
				9DB820AF2A51A7250070CB28 /* Debug */,
				9DB820B02A51A7250070CB28 /* Release */,
			);
			defaultConfigurationIsVisible = 0;
			defaultConfigurationName = Release;
		};
/* End XCConfigurationList section */

/* Begin XCRemoteSwiftPackageReference section */
		9DB820B52A51C5CA0070CB28 /* XCRemoteSwiftPackageReference "lottie-ios" */ = {
			isa = XCRemoteSwiftPackageReference;
			repositoryURL = "https://github.com/airbnb/lottie-ios.git";
			requirement = {
				kind = upToNextMajorVersion;
				minimumVersion = 4.0.0;
			};
		};
/* End XCRemoteSwiftPackageReference section */

/* Begin XCSwiftPackageProductDependency section */
		9DB820B62A51C5CA0070CB28 /* Lottie */ = {
			isa = XCSwiftPackageProductDependency;
			package = 9DB820B52A51C5CA0070CB28 /* XCRemoteSwiftPackageReference "lottie-ios" */;
			productName = Lottie;
		};
/* End XCSwiftPackageProductDependency section */

/* Begin XCVersionGroup section */
		9DB820872A51A7220070CB28 /* WorldNews.xcdatamodeld */ = {
			isa = XCVersionGroup;
			children = (
				9DB820882A51A7220070CB28 /* WorldNews.xcdatamodel */,
			);
			currentVersion = 9DB820882A51A7220070CB28 /* WorldNews.xcdatamodel */;
			path = WorldNews.xcdatamodeld;
			sourceTree = "<group>";
			versionGroupType = wrapper.xcdatamodel;
		};
/* End XCVersionGroup section */
	};
	rootObject = 9DB820732A51A7220070CB28 /* Project object */;
}
